
Microsoft Visual Studio Solution File, Format Version 12.00
# Visual Studio Version 17
VisualStudioVersion = 17.5.002.0
MinimumVisualStudioVersion = 10.0.40219.1
Project("{9A19103F-16F7-4668-BE54-9A1E7A4F7556}") = "aula17", "aula17.csproj", "{ABEA1BDE-F0C5-4AEC-B2A7-21565ADB22AA}"
EndProject
Global
	GlobalSection(SolutionConfigurationPlatforms) = preSolution
		Debug|Any CPU = Debug|Any CPU
		Release|Any CPU = Release|Any CPU
	EndGlobalSection
	GlobalSection(ProjectConfigurationPlatforms) = postSolution
		{ABEA1BDE-F0C5-4AEC-B2A7-21565ADB22AA}.Debug|Any CPU.ActiveCfg = Debug|Any CPU
		{ABEA1BDE-F0C5-4AEC-B2A7-21565ADB22AA}.Debug|Any CPU.Build.0 = Debug|Any CPU
		{ABEA1BDE-F0C5-4AEC-B2A7-21565ADB22AA}.Release|Any CPU.ActiveCfg = Release|Any CPU
		{ABEA1BDE-F0C5-4AEC-B2A7-21565ADB22AA}.Release|Any CPU.Build.0 = Release|Any CPU
	EndGlobalSection
	GlobalSection(SolutionProperties) = preSolution
		HideSolutionNode = FALSE
	EndGlobalSection
	GlobalSection(ExtensibilityGlobals) = postSolution
		SolutionGuid = {BF3423C3-514D-4F1C-A705-645737044702}
	EndGlobalSection
EndGlobal
